// !$*UTF8*$!
{
	archiveVersion = 1;
	classes = {
	};
	objectVersion = 46;
	objects = {

/* Begin PBXBuildFile section */
		FE1EE4361ABF31D300927368 /* AppDelegate.swift in Sources */ = {isa = PBXBuildFile; fileRef = FE1EE4351ABF31D300927368 /* AppDelegate.swift */; };
		FE1EE4391ABF31D300927368 /* Spell_It.xcdatamodeld in Sources */ = {isa = PBXBuildFile; fileRef = FE1EE4371ABF31D300927368 /* Spell_It.xcdatamodeld */; };
		FE1EE43B1ABF31D300927368 /* ViewController.swift in Sources */ = {isa = PBXBuildFile; fileRef = FE1EE43A1ABF31D300927368 /* ViewController.swift */; };
		FE1EE43E1ABF31D300927368 /* Main.storyboard in Resources */ = {isa = PBXBuildFile; fileRef = FE1EE43C1ABF31D300927368 /* Main.storyboard */; };
		FE1EE4401ABF31D300927368 /* Images.xcassets in Resources */ = {isa = PBXBuildFile; fileRef = FE1EE43F1ABF31D300927368 /* Images.xcassets */; };
		FE1EE4431ABF31D300927368 /* LaunchScreen.xib in Resources */ = {isa = PBXBuildFile; fileRef = FE1EE4411ABF31D300927368 /* LaunchScreen.xib */; };
		FE1EE44F1ABF31D300927368 /* Spell_ItTests.swift in Sources */ = {isa = PBXBuildFile; fileRef = FE1EE44E1ABF31D300927368 /* Spell_ItTests.swift */; };
/* End PBXBuildFile section */

/* Begin PBXContainerItemProxy section */
		FE1EE4491ABF31D300927368 /* PBXContainerItemProxy */ = {
			isa = PBXContainerItemProxy;
			containerPortal = FE1EE4281ABF31D300927368 /* Project object */;
			proxyType = 1;
			remoteGlobalIDString = FE1EE42F1ABF31D300927368;
			remoteInfo = "Spell It";
		};
/* End PBXContainerItemProxy section */

/* Begin PBXFileReference section */
		FE1EE4301ABF31D300927368 /* Spell It.app */ = {isa = PBXFileReference; explicitFileType = wrapper.application; includeInIndex = 0; path = "Spell It.app"; sourceTree = BUILT_PRODUCTS_DIR; };
		FE1EE4341ABF31D300927368 /* Info.plist */ = {isa = PBXFileReference; lastKnownFileType = text.plist.xml; path = Info.plist; sourceTree = "<group>"; };
		FE1EE4351ABF31D300927368 /* AppDelegate.swift */ = {isa = PBXFileReference; lastKnownFileType = sourcecode.swift; path = AppDelegate.swift; sourceTree = "<group>"; };
		FE1EE4381ABF31D300927368 /* Spell_It.xcdatamodel */ = {isa = PBXFileReference; lastKnownFileType = wrapper.xcdatamodel; path = Spell_It.xcdatamodel; sourceTree = "<group>"; };
		FE1EE43A1ABF31D300927368 /* ViewController.swift */ = {isa = PBXFileReference; lastKnownFileType = sourcecode.swift; path = ViewController.swift; sourceTree = "<group>"; };
		FE1EE43D1ABF31D300927368 /* Base */ = {isa = PBXFileReference; lastKnownFileType = file.storyboard; name = Base; path = Base.lproj/Main.storyboard; sourceTree = "<group>"; };
		FE1EE43F1ABF31D300927368 /* Images.xcassets */ = {isa = PBXFileReference; lastKnownFileType = folder.assetcatalog; path = Images.xcassets; sourceTree = "<group>"; };
		FE1EE4421ABF31D300927368 /* Base */ = {isa = PBXFileReference; lastKnownFileType = file.xib; name = Base; path = Base.lproj/LaunchScreen.xib; sourceTree = "<group>"; };
		FE1EE4481ABF31D300927368 /* Spell ItTests.xctest */ = {isa = PBXFileReference; explicitFileType = wrapper.cfbundle; includeInIndex = 0; path = "Spell ItTests.xctest"; sourceTree = BUILT_PRODUCTS_DIR; };
		FE1EE44D1ABF31D300927368 /* Info.plist */ = {isa = PBXFileReference; lastKnownFileType = text.plist.xml; path = Info.plist; sourceTree = "<group>"; };
		FE1EE44E1ABF31D300927368 /* Spell_ItTests.swift */ = {isa = PBXFileReference; lastKnownFileType = sourcecode.swift; path = Spell_ItTests.swift; sourceTree = "<group>"; };
/* End PBXFileReference section */

/* Begin PBXFrameworksBuildPhase section */
		FE1EE42D1ABF31D300927368 /* Frameworks */ = {
			isa = PBXFrameworksBuildPhase;
			buildActionMask = 2147483647;
			files = (
			);
			runOnlyForDeploymentPostprocessing = 0;
		};
		FE1EE4451ABF31D300927368 /* Frameworks */ = {
			isa = PBXFrameworksBuildPhase;
			buildActionMask = 2147483647;
			files = (
			);
			runOnlyForDeploymentPostprocessing = 0;
		};
/* End PBXFrameworksBuildPhase section */

/* Begin PBXGroup section */
		FE1EE4271ABF31D300927368 = {
			isa = PBXGroup;
			children = (
				FE1EE4321ABF31D300927368 /* Spell It */,
				FE1EE44B1ABF31D300927368 /* Spell ItTests */,
				FE1EE4311ABF31D300927368 /* Products */,
			);
			sourceTree = "<group>";
		};
		FE1EE4311ABF31D300927368 /* Products */ = {
			isa = PBXGroup;
			children = (
				FE1EE4301ABF31D300927368 /* Spell It.app */,
				FE1EE4481ABF31D300927368 /* Spell ItTests.xctest */,
			);
			name = Products;
			sourceTree = "<group>";
		};
		FE1EE4321ABF31D300927368 /* Spell It */ = {
			isa = PBXGroup;
			children = (
				FE1EE4351ABF31D300927368 /* AppDelegate.swift */,
				FE1EE43A1ABF31D300927368 /* ViewController.swift */,
				FE1EE43C1ABF31D300927368 /* Main.storyboard */,
				FE1EE43F1ABF31D300927368 /* Images.xcassets */,
				FE1EE4411ABF31D300927368 /* LaunchScreen.xib */,
				FE1EE4371ABF31D300927368 /* Spell_It.xcdatamodeld */,
				FE1EE4331ABF31D300927368 /* Supporting Files */,
			);
			path = "Spell It";
			sourceTree = "<group>";
		};
		FE1EE4331ABF31D300927368 /* Supporting Files */ = {
			isa = PBXGroup;
			children = (
				FE1EE4341ABF31D300927368 /* Info.plist */,
			);
			name = "Supporting Files";
			sourceTree = "<group>";
		};
		FE1EE44B1ABF31D300927368 /* Spell ItTests */ = {
			isa = PBXGroup;
			children = (
				FE1EE44E1ABF31D300927368 /* Spell_ItTests.swift */,
				FE1EE44C1ABF31D300927368 /* Supporting Files */,
			);
			path = "Spell ItTests";
			sourceTree = "<group>";
		};
		FE1EE44C1ABF31D300927368 /* Supporting Files */ = {
			isa = PBXGroup;
			children = (
				FE1EE44D1ABF31D300927368 /* Info.plist */,
			);
			name = "Supporting Files";
			sourceTree = "<group>";
		};
/* End PBXGroup section */

/* Begin PBXNativeTarget section */
		FE1EE42F1ABF31D300927368 /* Spell It */ = {
			isa = PBXNativeTarget;
			buildConfigurationList = FE1EE4521ABF31D300927368 /* Build configuration list for PBXNativeTarget "Spell It" */;
			buildPhases = (
				FE1EE42C1ABF31D300927368 /* Sources */,
				FE1EE42D1ABF31D300927368 /* Frameworks */,
				FE1EE42E1ABF31D300927368 /* Resources */,
			);
			buildRules = (
			);
			dependencies = (
			);
			name = "Spell It";
			productName = "Spell It";
			productReference = FE1EE4301ABF31D300927368 /* Spell It.app */;
			productType = "com.apple.product-type.application";
		};
		FE1EE4471ABF31D300927368 /* Spell ItTests */ = {
			isa = PBXNativeTarget;
			buildConfigurationList = FE1EE4551ABF31D300927368 /* Build configuration list for PBXNativeTarget "Spell ItTests" */;
			buildPhases = (
				FE1EE4441ABF31D300927368 /* Sources */,
				FE1EE4451ABF31D300927368 /* Frameworks */,
				FE1EE4461ABF31D300927368 /* Resources */,
			);
			buildRules = (
			);
			dependencies = (
				FE1EE44A1ABF31D300927368 /* PBXTargetDependency */,
			);
			name = "Spell ItTests";
			productName = "Spell ItTests";
			productReference = FE1EE4481ABF31D300927368 /* Spell ItTests.xctest */;
			productType = "com.apple.product-type.bundle.unit-test";
		};
/* End PBXNativeTarget section */

/* Begin PBXProject section */
		FE1EE4281ABF31D300927368 /* Project object */ = {
			isa = PBXProject;
			attributes = {
				LastUpgradeCheck = 0620;
				ORGANIZATIONNAME = VG;
				TargetAttributes = {
					FE1EE42F1ABF31D300927368 = {
						CreatedOnToolsVersion = 6.2;
						LastSwiftMigration = 0810;
					};
					FE1EE4471ABF31D300927368 = {
						CreatedOnToolsVersion = 6.2;
						LastSwiftMigration = 0810;
						TestTargetID = FE1EE42F1ABF31D300927368;
					};
				};
			};
			buildConfigurationList = FE1EE42B1ABF31D300927368 /* Build configuration list for PBXProject "Spell It" */;
			compatibilityVersion = "Xcode 3.2";
			developmentRegion = English;
			hasScannedForEncodings = 0;
			knownRegions = (
				en,
				Base,
			);
			mainGroup = FE1EE4271ABF31D300927368;
			productRefGroup = FE1EE4311ABF31D300927368 /* Products */;
			projectDirPath = "";
			projectRoot = "";
			targets = (
				FE1EE42F1ABF31D300927368 /* Spell It */,
				FE1EE4471ABF31D300927368 /* Spell ItTests */,
			);
		};
/* End PBXProject section */

/* Begin PBXResourcesBuildPhase section */
		FE1EE42E1ABF31D300927368 /* Resources */ = {
			isa = PBXResourcesBuildPhase;
			buildActionMask = 2147483647;
			files = (
				FE1EE43E1ABF31D300927368 /* Main.storyboard in Resources */,
				FE1EE4431ABF31D300927368 /* LaunchScreen.xib in Resources */,
				FE1EE4401ABF31D300927368 /* Images.xcassets in Resources */,
			);
			runOnlyForDeploymentPostprocessing = 0;
		};
		FE1EE4461ABF31D300927368 /* Resources */ = {
			isa = PBXResourcesBuildPhase;
			buildActionMask = 2147483647;
			files = (
			);
			runOnlyForDeploymentPostprocessing = 0;
		};
/* End PBXResourcesBuildPhase section */

/* Begin PBXSourcesBuildPhase section */
		FE1EE42C1ABF31D300927368 /* Sources */ = {
			isa = PBXSourcesBuildPhase;
			buildActionMask = 2147483647;
			files = (
				FE1EE43B1ABF31D300927368 /* ViewController.swift in Sources */,
				FE1EE4361ABF31D300927368 /* AppDelegate.swift in Sources */,
				FE1EE4391ABF31D300927368 /* Spell_It.xcdatamodeld in Sources */,
			);
			runOnlyForDeploymentPostprocessing = 0;
		};
		FE1EE4441ABF31D300927368 /* Sources */ = {
			isa = PBXSourcesBuildPhase;
			buildActionMask = 2147483647;
			files = (
				FE1EE44F1ABF31D300927368 /* Spell_ItTests.swift in Sources */,
			);
			runOnlyForDeploymentPostprocessing = 0;
		};
/* End PBXSourcesBuildPhase section */

/* Begin PBXTargetDependency section */
		FE1EE44A1ABF31D300927368 /* PBXTargetDependency */ = {
			isa = PBXTargetDependency;
			target = FE1EE42F1ABF31D300927368 /* Spell It */;
			targetProxy = FE1EE4491ABF31D300927368 /* PBXContainerItemProxy */;
		};
/* End PBXTargetDependency section */

/* Begin PBXVariantGroup section */
		FE1EE43C1ABF31D300927368 /* Main.storyboard */ = {
			isa = PBXVariantGroup;
			children = (
				FE1EE43D1ABF31D300927368 /* Base */,
			);
			name = Main.storyboard;
			sourceTree = "<group>";
		};
		FE1EE4411ABF31D300927368 /* LaunchScreen.xib */ = {
			isa = PBXVariantGroup;
			children = (
				FE1EE4421ABF31D300927368 /* Base */,
			);
			name = LaunchScreen.xib;
			sourceTree = "<group>";
		};
/* End PBXVariantGroup section */

/* Begin XCBuildConfiguration section */
		FE1EE4501ABF31D300927368 /* Debug */ = {
			isa = XCBuildConfiguration;
			buildSettings = {
				ALWAYS_SEARCH_USER_PATHS = NO;
				CLANG_CXX_LANGUAGE_STANDARD = "gnu++0x";
				CLANG_CXX_LIBRARY = "libc++";
				CLANG_ENABLE_MODULES = YES;
				CLANG_ENABLE_OBJC_ARC = YES;
				CLANG_WARN_BOOL_CONVERSION = YES;
				CLANG_WARN_CONSTANT_CONVERSION = YES;
				CLANG_WARN_DIRECT_OBJC_ISA_USAGE = YES_ERROR;
				CLANG_WARN_EMPTY_BODY = YES;
				CLANG_WARN_ENUM_CONVERSION = YES;
				CLANG_WARN_INT_CONVERSION = YES;
				CLANG_WARN_OBJC_ROOT_CLASS = YES_ERROR;
				CLANG_WARN_UNREACHABLE_CODE = YES;
				CLANG_WARN__DUPLICATE_METHOD_MATCH = YES;
				"CODE_SIGN_IDENTITY[sdk=iphoneos*]" = "iPhone Developer";
				COPY_PHASE_STRIP = NO;
				ENABLE_STRICT_OBJC_MSGSEND = YES;
				GCC_C_LANGUAGE_STANDARD = gnu99;
				GCC_DYNAMIC_NO_PIC = NO;
				GCC_OPTIMIZATION_LEVEL = 0;
				GCC_PREPROCESSOR_DEFINITIONS = (
					"DEBUG=1",
					"$(inherited)",
				);
				GCC_SYMBOLS_PRIVATE_EXTERN = NO;
				GCC_WARN_64_TO_32_BIT_CONVERSION = YES;
				GCC_WARN_ABOUT_RETURN_TYPE = YES_ERROR;
				GCC_WARN_UNDECLARED_SELECTOR = YES;
				GCC_WARN_UNINITIALIZED_AUTOS = YES_AGGRESSIVE;
				GCC_WARN_UNUSED_FUNCTION = YES;
				GCC_WARN_UNUSED_VARIABLE = YES;
				IPHONEOS_DEPLOYMENT_TARGET = 8.2;
				MTL_ENABLE_DEBUG_INFO = YES;
				ONLY_ACTIVE_ARCH = YES;
				SDKROOT = iphoneos;
				SWIFT_OPTIMIZATION_LEVEL = "-Onone";
				TARGETED_DEVICE_FAMILY = "1,2";
			};
			name = Debug;
		};
		FE1EE4511ABF31D300927368 /* Release */ = {
			isa = XCBuildConfiguration;
			buildSettings = {
				ALWAYS_SEARCH_USER_PATHS = NO;
				CLANG_CXX_LANGUAGE_STANDARD = "gnu++0x";
				CLANG_CXX_LIBRARY = "libc++";
				CLANG_ENABLE_MODULES = YES;
				CLANG_ENABLE_OBJC_ARC = YES;
				CLANG_WARN_BOOL_CONVERSION = YES;
				CLANG_WARN_CONSTANT_CONVERSION = YES;
				CLANG_WARN_DIRECT_OBJC_ISA_USAGE = YES_ERROR;
				CLANG_WARN_EMPTY_BODY = YES;
				CLANG_WARN_ENUM_CONVERSION = YES;
				CLANG_WARN_INT_CONVERSION = YES;
				CLANG_WARN_OBJC_ROOT_CLASS = YES_ERROR;
				CLANG_WARN_UNREACHABLE_CODE = YES;
				CLANG_WARN__DUPLICATE_METHOD_MATCH = YES;
				"CODE_SIGN_IDENTITY[sdk=iphoneos*]" = "iPhone Developer";
				COPY_PHASE_STRIP = NO;
				ENABLE_NS_ASSERTIONS = NO;
				ENABLE_STRICT_OBJC_MSGSEND = YES;
				GCC_C_LANGUAGE_STANDARD = gnu99;
				GCC_WARN_64_TO_32_BIT_CONVERSION = YES;
				GCC_WARN_ABOUT_RETURN_TYPE = YES_ERROR;
				GCC_WARN_UNDECLARED_SELECTOR = YES;
				GCC_WARN_UNINITIALIZED_AUTOS = YES_AGGRESSIVE;
				GCC_WARN_UNUSED_FUNCTION = YES;
				GCC_WARN_UNUSED_VARIABLE = YES;
				IPHONEOS_DEPLOYMENT_TARGET = 8.2;
				MTL_ENABLE_DEBUG_INFO = NO;
				SDKROOT = iphoneos;
				TARGETED_DEVICE_FAMILY = "1,2";
				VALIDATE_PRODUCT = YES;
			};
			name = Release;
		};
		FE1EE4531ABF31D300927368 /* Debug */ = {
			isa = XCBuildConfiguration;
			buildSettings = {
				ASSETCATALOG_COMPILER_APPICON_NAME = AppIcon;
				INFOPLIST_FILE = "Spell It/Info.plist";
				LD_RUNPATH_SEARCH_PATHS = "$(inherited) @executable_path/Frameworks";
				PRODUCT_NAME = "$(TARGET_NAME)";
				SWIFT_VERSION = 3.0;
			};
			name = Debug;
		};
		FE1EE4541ABF31D300927368 /* Release */ = {
			isa = XCBuildConfiguration;
			buildSettings = {
				ASSETCATALOG_COMPILER_APPICON_NAME = AppIcon;
				INFOPLIST_FILE = "Spell It/Info.plist";
				LD_RUNPATH_SEARCH_PATHS = "$(inherited) @executable_path/Frameworks";
				PRODUCT_NAME = "$(TARGET_NAME)";
				SWIFT_VERSION = 3.0;
			};
			name = Release;
		};
		FE1EE4561ABF31D300927368 /* Debug */ = {
			isa = XCBuildConfiguration;
			buildSettings = {
				BUNDLE_LOADER = "$(TEST_HOST)";
				FRAMEWORK_SEARCH_PATHS = (
					"$(SDKROOT)/Developer/Library/Frameworks",
					"$(inherited)",
				);
				GCC_PREPROCESSOR_DEFINITIONS = (
					"DEBUG=1",
					"$(inherited)",
				);
				INFOPLIST_FILE = "Spell ItTests/Info.plist";
				LD_RUNPATH_SEARCH_PATHS = "$(inherited) @executable_path/Frameworks @loader_path/Frameworks";
				PRODUCT_NAME = "$(TARGET_NAME)";
				SWIFT_VERSION = 3.0;
				TEST_HOST = "$(BUILT_PRODUCTS_DIR)/Spell It.app/Spell It";
			};
			name = Debug;
		};
		FE1EE4571ABF31D300927368 /* Release */ = {
			isa = XCBuildConfiguration;
			buildSettings = {
				BUNDLE_LOADER = "$(TEST_HOST)";
				FRAMEWORK_SEARCH_PATHS = (
					"$(SDKROOT)/Developer/Library/Frameworks",
					"$(inherited)",
				);
				INFOPLIST_FILE = "Spell ItTests/Info.plist";
				LD_RUNPATH_SEARCH_PATHS = "$(inherited) @executable_path/Frameworks @loader_path/Frameworks";
				PRODUCT_NAME = "$(TARGET_NAME)";
				SWIFT_VERSION = 3.0;
				TEST_HOST = "$(BUILT_PRODUCTS_DIR)/Spell It.app/Spell It";
			};
			name = Release;
		};
/* End XCBuildConfiguration section */

/* Begin XCConfigurationList section */
		FE1EE42B1ABF31D300927368 /* Build configuration list for PBXProject "Spell It" */ = {
			isa = XCConfigurationList;
			buildConfigurations = (
				FE1EE4501ABF31D300927368 /* Debug */,
				FE1EE4511ABF31D300927368 /* Release */,
			);
			defaultConfigurationIsVisible = 0;
			defaultConfigurationName = Release;
		};
		FE1EE4521ABF31D300927368 /* Build configuration list for PBXNativeTarget "Spell It" */ = {
			isa = XCConfigurationList;
			buildConfigurations = (
				FE1EE4531ABF31D300927368 /* Debug */,
				FE1EE4541ABF31D300927368 /* Release */,
			);
			defaultConfigurationIsVisible = 0;
			defaultConfigurationName = Release;
		};
		FE1EE4551ABF31D300927368 /* Build configuration list for PBXNativeTarget "Spell ItTests" */ = {
			isa = XCConfigurationList;
			buildConfigurations = (
				FE1EE4561ABF31D300927368 /* Debug */,
				FE1EE4571ABF31D300927368 /* Release */,
			);
			defaultConfigurationIsVisible = 0;
			defaultConfigurationName = Release;
		};
/* End XCConfigurationList section */

/* Begin XCVersionGroup section */
		FE1EE4371ABF31D300927368 /* Spell_It.xcdatamodeld */ = {
			isa = XCVersionGroup;
			children = (
				FE1EE4381ABF31D300927368 /* Spell_It.xcdatamodel */,
			);
			currentVersion = FE1EE4381ABF31D300927368 /* Spell_It.xcdatamodel */;
			path = Spell_It.xcdatamodeld;
			sourceTree = "<group>";
			versionGroupType = wrapper.xcdatamodel;
		};
/* End XCVersionGroup section */
	};
	rootObject = FE1EE4281ABF31D300927368 /* Project object */;
}
